// !$*UTF8*$!
{
	archiveVersion = 1;
	classes = {
	};
	objectVersion = 77;
	objects = {

/* Begin PBXBuildFile section */
		C53E9DCF2F7D01770022A698 /* GalleryBookCardView.swift in Sources */ = {isa = PBXBuildFile; fileRef = C53E9DCE2F7D01770022A698 /* GalleryBookCardView.swift */; };
		C53E9E2F2F7E4D370022A698 /* BookEditorSheet.swift in Sources */ = {isa = PBXBuildFile; fileRef = C53E9E2E2F7E4D370022A698 /* BookEditorSheet.swift */; };
		C53E9E312F7E5B2B0022A698 /* AddExcerptSheet.swift in Sources */ = {isa = PBXBuildFile; fileRef = C53E9E302F7E5B2B0022A698 /* AddExcerptSheet.swift */; };
		C53E9E332F7E81C30022A698 /* AnimatedButtons.swift in Sources */ = {isa = PBXBuildFile; fileRef = C53E9E322F7E81C30022A698 /* AnimatedButtons.swift */; };
		C53E9E412F7F4DEE0022A698 /* ReadingRecord.swift in Sources */ = {isa = PBXBuildFile; fileRef = C53E9E402F7F4DEE0022A698 /* ReadingRecord.swift */; };
		C53E9E432F7F4E800022A698 /* MonthlyRecordView.swift in Sources */ = {isa = PBXBuildFile; fileRef = C53E9E422F7F4E800022A698 /* MonthlyRecordView.swift */; };
		C53E9E602F7F6BCA0022A698 /* TopNavigationBarView.swift in Sources */ = {isa = PBXBuildFile; fileRef = C53E9E5F2F7F6BCA0022A698 /* TopNavigationBarView.swift */; };
		C53E9E622F7F6E030022A698 /* GlassMorphism.swift in Sources */ = {isa = PBXBuildFile; fileRef = C53E9E612F7F6E030022A698 /* GlassMorphism.swift */; };
		C53E9E642F7F7AE70022A698 /* DashboardStatCards.swift in Sources */ = {isa = PBXBuildFile; fileRef = C53E9E632F7F7AE70022A698 /* DashboardStatCards.swift */; };
		C53E9E662F7F7B0B0022A698 /* CurrentReadingComponents.swift in Sources */ = {isa = PBXBuildFile; fileRef = C53E9E652F7F7B0B0022A698 /* CurrentReadingComponents.swift */; };
		C582E1872F7B655500C95473 /* Assets.xcassets in Resources */ = {isa = PBXBuildFile; fileRef = C582E1862F7B655500C95473 /* Assets.xcassets */; };
		C582E1BB2F7B690D00C95473 /* Book.swift in Sources */ = {isa = PBXBuildFile; fileRef = C582E1AE2F7B665200C95473 /* Book.swift */; };
		C582E1BC2F7B692000C95473 /* Excerpt.swift in Sources */ = {isa = PBXBuildFile; fileRef = C582E1AF2F7B668100C95473 /* Excerpt.swift */; };
		C582E1C72F7B6F2300C95473 /* ArchiveGalleryView.swift in Sources */ = {isa = PBXBuildFile; fileRef = C582E1B82F7B67B600C95473 /* ArchiveGalleryView.swift */; };
		C582E1C82F7B6F2900C95473 /* YearlyTimelineView.swift in Sources */ = {isa = PBXBuildFile; fileRef = C582E1BE2F7B6B2800C95473 /* YearlyTimelineView.swift */; };
		C582E1C92F7B6F2F00C95473 /* BookDetailView.swift in Sources */ = {isa = PBXBuildFile; fileRef = C582E1BA2F7B67D800C95473 /* BookDetailView.swift */; };
		C582E1CA2F7B6F3400C95473 /* BookDossierView.swift in Sources */ = {isa = PBXBuildFile; fileRef = C582E1BD2F7B6AB400C95473 /* BookDossierView.swift */; };
		C582E1CC2F7B77F300C95473 /* LocalCoverView.swift in Sources */ = {isa = PBXBuildFile; fileRef = C582E1CB2F7B77F300C95473 /* LocalCoverView.swift */; };
		C582E1D52F7BA55800C95473 /* HeaderView.swift in Sources */ = {isa = PBXBuildFile; fileRef = C582E1D42F7BA55800C95473 /* HeaderView.swift */; };
		C582E1D72F7BA56400C95473 /* CurrentReadingWidget.swift in Sources */ = {isa = PBXBuildFile; fileRef = C582E1D62F7BA56400C95473 /* CurrentReadingWidget.swift */; };
		C582E1D92F7BA57200C95473 /* DashboardWidget.swift in Sources */ = {isa = PBXBuildFile; fileRef = C582E1D82F7BA57200C95473 /* DashboardWidget.swift */; };
		C582E1DB2F7BA58000C95473 /* CarouselWidget.swift in Sources */ = {isa = PBXBuildFile; fileRef = C582E1DA2F7BA58000C95473 /* CarouselWidget.swift */; };
		C582E1E42F7BBDFD00C95473 /* PreviewData.swift in Sources */ = {isa = PBXBuildFile; fileRef = C582E1E32F7BBDFD00C95473 /* PreviewData.swift */; };
		C582E1F32F7BC6CC00C95473 /* Color+Extension.swift in Sources */ = {isa = PBXBuildFile; fileRef = C582E1F22F7BC6CC00C95473 /* Color+Extension.swift */; };
		C5D3BE9E2F7FF98B00418802 /* AppleBooksDBUtils.swift in Sources */ = {isa = PBXBuildFile; fileRef = C5D3BE9D2F7FF98B00418802 /* AppleBooksDBUtils.swift */; };
		C5DCF7742F7CCF0C00428041 /* BookExcerptsView.swift.swift in Sources */ = {isa = PBXBuildFile; fileRef = C5DCF7732F7CCF0C00428041 /* BookExcerptsView.swift.swift */; };
/* End PBXBuildFile section */

/* Begin PBXContainerItemProxy section */
		C582E18D2F7B655500C95473 /* PBXContainerItemProxy */ = {
			isa = PBXContainerItemProxy;
			containerPortal = C582E1752F7B655400C95473 /* Project object */;
			proxyType = 1;
			remoteGlobalIDString = C582E17C2F7B655400C95473;
			remoteInfo = MyLibrary;
		};
		C582E1972F7B655500C95473 /* PBXContainerItemProxy */ = {
			isa = PBXContainerItemProxy;
			containerPortal = C582E1752F7B655400C95473 /* Project object */;
			proxyType = 1;
			remoteGlobalIDString = C582E17C2F7B655400C95473;
			remoteInfo = MyLibrary;
		};
/* End PBXContainerItemProxy section */

/* Begin PBXFileReference section */
		C53E9DCE2F7D01770022A698 /* GalleryBookCardView.swift */ = {isa = PBXFileReference; lastKnownFileType = sourcecode.swift; path = GalleryBookCardView.swift; sourceTree = "<group>"; };
		C53E9E2E2F7E4D370022A698 /* BookEditorSheet.swift */ = {isa = PBXFileReference; lastKnownFileType = sourcecode.swift; path = BookEditorSheet.swift; sourceTree = "<group>"; };
		C53E9E302F7E5B2B0022A698 /* AddExcerptSheet.swift */ = {isa = PBXFileReference; lastKnownFileType = sourcecode.swift; path = AddExcerptSheet.swift; sourceTree = "<group>"; };
		C53E9E322F7E81C30022A698 /* AnimatedButtons.swift */ = {isa = PBXFileReference; lastKnownFileType = sourcecode.swift; path = AnimatedButtons.swift; sourceTree = "<group>"; };
		C53E9E402F7F4DEE0022A698 /* ReadingRecord.swift */ = {isa = PBXFileReference; lastKnownFileType = sourcecode.swift; path = ReadingRecord.swift; sourceTree = "<group>"; };
		C53E9E422F7F4E800022A698 /* MonthlyRecordView.swift */ = {isa = PBXFileReference; lastKnownFileType = sourcecode.swift; path = MonthlyRecordView.swift; sourceTree = "<group>"; };
		C53E9E5F2F7F6BCA0022A698 /* TopNavigationBarView.swift */ = {isa = PBXFileReference; lastKnownFileType = sourcecode.swift; path = TopNavigationBarView.swift; sourceTree = "<group>"; };
		C53E9E612F7F6E030022A698 /* GlassMorphism.swift */ = {isa = PBXFileReference; lastKnownFileType = sourcecode.swift; path = GlassMorphism.swift; sourceTree = "<group>"; };
		C53E9E632F7F7AE70022A698 /* DashboardStatCards.swift */ = {isa = PBXFileReference; lastKnownFileType = sourcecode.swift; path = DashboardStatCards.swift; sourceTree = "<group>"; };
		C53E9E652F7F7B0B0022A698 /* CurrentReadingComponents.swift */ = {isa = PBXFileReference; lastKnownFileType = sourcecode.swift; path = CurrentReadingComponents.swift; sourceTree = "<group>"; };
		C582E17D2F7B655400C95473 /* MyLibrary.app */ = {isa = PBXFileReference; explicitFileType = wrapper.application; includeInIndex = 0; path = MyLibrary.app; sourceTree = BUILT_PRODUCTS_DIR; };
		C582E1862F7B655500C95473 /* Assets.xcassets */ = {isa = PBXFileReference; lastKnownFileType = folder.assetcatalog; path = Assets.xcassets; sourceTree = "<group>"; };
		C582E18C2F7B655500C95473 /* MyLibraryTests.xctest */ = {isa = PBXFileReference; explicitFileType = wrapper.cfbundle; includeInIndex = 0; path = MyLibraryTests.xctest; sourceTree = BUILT_PRODUCTS_DIR; };
		C582E1962F7B655500C95473 /* MyLibraryUITests.xctest */ = {isa = PBXFileReference; explicitFileType = wrapper.cfbundle; includeInIndex = 0; path = MyLibraryUITests.xctest; sourceTree = BUILT_PRODUCTS_DIR; };
		C582E1AE2F7B665200C95473 /* Book.swift */ = {isa = PBXFileReference; lastKnownFileType = sourcecode.swift; path = Book.swift; sourceTree = "<group>"; };
		C582E1AF2F7B668100C95473 /* Excerpt.swift */ = {isa = PBXFileReference; lastKnownFileType = sourcecode.swift; path = Excerpt.swift; sourceTree = "<group>"; };
		C582E1B82F7B67B600C95473 /* ArchiveGalleryView.swift */ = {isa = PBXFileReference; lastKnownFileType = sourcecode.swift; path = ArchiveGalleryView.swift; sourceTree = "<group>"; };
		C582E1BA2F7B67D800C95473 /* BookDetailView.swift */ = {isa = PBXFileReference; lastKnownFileType = sourcecode.swift; path = BookDetailView.swift; sourceTree = "<group>"; };
		C582E1BD2F7B6AB400C95473 /* BookDossierView.swift */ = {isa = PBXFileReference; lastKnownFileType = sourcecode.swift; path = BookDossierView.swift; sourceTree = "<group>"; };
		C582E1BE2F7B6B2800C95473 /* YearlyTimelineView.swift */ = {isa = PBXFileReference; lastKnownFileType = sourcecode.swift; path = YearlyTimelineView.swift; sourceTree = "<group>"; };
		C582E1CB2F7B77F300C95473 /* LocalCoverView.swift */ = {isa = PBXFileReference; lastKnownFileType = sourcecode.swift; path = LocalCoverView.swift; sourceTree = "<group>"; };
		C582E1D42F7BA55800C95473 /* HeaderView.swift */ = {isa = PBXFileReference; lastKnownFileType = sourcecode.swift; path = HeaderView.swift; sourceTree = "<group>"; };
		C582E1D62F7BA56400C95473 /* CurrentReadingWidget.swift */ = {isa = PBXFileReference; lastKnownFileType = sourcecode.swift; path = CurrentReadingWidget.swift; sourceTree = "<group>"; };
		C582E1D82F7BA57200C95473 /* DashboardWidget.swift */ = {isa = PBXFileReference; lastKnownFileType = sourcecode.swift; path = DashboardWidget.swift; sourceTree = "<group>"; };
		C582E1DA2F7BA58000C95473 /* CarouselWidget.swift */ = {isa = PBXFileReference; lastKnownFileType = sourcecode.swift; path = CarouselWidget.swift; sourceTree = "<group>"; };
		C582E1E32F7BBDFD00C95473 /* PreviewData.swift */ = {isa = PBXFileReference; lastKnownFileType = sourcecode.swift; path = PreviewData.swift; sourceTree = "<group>"; };
		C582E1F22F7BC6CC00C95473 /* Color+Extension.swift */ = {isa = PBXFileReference; lastKnownFileType = sourcecode.swift; path = "Color+Extension.swift"; sourceTree = "<group>"; };
		C5D3BE9D2F7FF98B00418802 /* AppleBooksDBUtils.swift */ = {isa = PBXFileReference; lastKnownFileType = sourcecode.swift; path = AppleBooksDBUtils.swift; sourceTree = "<group>"; };
		C5DCF7732F7CCF0C00428041 /* BookExcerptsView.swift.swift */ = {isa = PBXFileReference; lastKnownFileType = sourcecode.swift; path = BookExcerptsView.swift.swift; sourceTree = "<group>"; };
/* End PBXFileReference section */

/* Begin PBXFileSystemSynchronizedRootGroup section */
		C582E17F2F7B655400C95473 /* MyLibrary */ = {
			isa = PBXFileSystemSynchronizedRootGroup;
			path = MyLibrary;
			sourceTree = "<group>";
		};
		C582E18F2F7B655500C95473 /* MyLibraryTests */ = {
			isa = PBXFileSystemSynchronizedRootGroup;
			path = MyLibraryTests;
			sourceTree = "<group>";
		};
		C582E1992F7B655500C95473 /* MyLibraryUITests */ = {
			isa = PBXFileSystemSynchronizedRootGroup;
			path = MyLibraryUITests;
			sourceTree = "<group>";
		};
/* End PBXFileSystemSynchronizedRootGroup section */

/* Begin PBXFrameworksBuildPhase section */
		C582E17A2F7B655400C95473 /* Frameworks */ = {
			isa = PBXFrameworksBuildPhase;
			buildActionMask = 2147483647;
			files = (
			);
			runOnlyForDeploymentPostprocessing = 0;
		};
		C582E1892F7B655500C95473 /* Frameworks */ = {
			isa = PBXFrameworksBuildPhase;
			buildActionMask = 2147483647;
			files = (
			);
			runOnlyForDeploymentPostprocessing = 0;
		};
		C582E1932F7B655500C95473 /* Frameworks */ = {
			isa = PBXFrameworksBuildPhase;
			buildActionMask = 2147483647;
			files = (
			);
			runOnlyForDeploymentPostprocessing = 0;
		};
/* End PBXFrameworksBuildPhase section */

/* Begin PBXGroup section */
		C53E9E442F7F5EFB0022A698 /* Core */ = {
			isa = PBXGroup;
			children = (
				C53E9E452F7F5F1A0022A698 /* Data */,
				C582E1AA2F7B65F700C95473 /* Models */,
			);
			path = Core;
			sourceTree = "<group>";
		};
		C53E9E452F7F5F1A0022A698 /* Data */ = {
			isa = PBXGroup;
			children = (
				C582E1E32F7BBDFD00C95473 /* PreviewData.swift */,
			);
			path = Data;
			sourceTree = "<group>";
		};
		C53E9E462F7F5F5B0022A698 /* UIComponents */ = {
			isa = PBXGroup;
			children = (
				C53E9E492F7F5FCE0022A698 /* Visuals */,
				C53E9E482F7F5FA30022A698 /* Controls */,
				C53E9E472F7F5F6B0022A698 /* Modifiers */,
			);
			path = UIComponents;
			sourceTree = "<group>";
		};
		C53E9E472F7F5F6B0022A698 /* Modifiers */ = {
			isa = PBXGroup;
			children = (
				C53E9E612F7F6E030022A698 /* GlassMorphism.swift */,
			);
			path = Modifiers;
			sourceTree = "<group>";
		};
		C53E9E482F7F5FA30022A698 /* Controls */ = {
			isa = PBXGroup;
			children = (
				C53E9E322F7E81C30022A698 /* AnimatedButtons.swift */,
			);
			path = Controls;
			sourceTree = "<group>";
		};
		C53E9E492F7F5FCE0022A698 /* Visuals */ = {
			isa = PBXGroup;
			children = (
				C582E1CB2F7B77F300C95473 /* LocalCoverView.swift */,
			);
			path = Visuals;
			sourceTree = "<group>";
		};
		C53E9E4A2F7F60060022A698 /* Features */ = {
			isa = PBXGroup;
			children = (
				C53E9E5E2F7F6B560022A698 /* Editor */,
				C53E9E4D2F7F608F0022A698 /* Timeline */,
				C53E9E4C2F7F60710022A698 /* Carousel */,
				C53E9E4B2F7F601F0022A698 /* Home */,
				C582E1B72F7B67A900C95473 /* Archive */,
				C582E1B92F7B67CD00C95473 /* Detail */,
			);
			path = Features;
			sourceTree = "<group>";
		};
		C53E9E4B2F7F601F0022A698 /* Home */ = {
			isa = PBXGroup;
			children = (
				C582E1D42F7BA55800C95473 /* HeaderView.swift */,
				C53E9E5F2F7F6BCA0022A698 /* TopNavigationBarView.swift */,
				C582E1D62F7BA56400C95473 /* CurrentReadingWidget.swift */,
				C582E1D82F7BA57200C95473 /* DashboardWidget.swift */,
				C53E9E632F7F7AE70022A698 /* DashboardStatCards.swift */,
				C53E9E652F7F7B0B0022A698 /* CurrentReadingComponents.swift */,
			);
			path = Home;
			sourceTree = "<group>";
		};
		C53E9E4C2F7F60710022A698 /* Carousel */ = {
			isa = PBXGroup;
			children = (
				C582E1DA2F7BA58000C95473 /* CarouselWidget.swift */,
			);
			path = Carousel;
			sourceTree = "<group>";
		};
		C53E9E4D2F7F608F0022A698 /* Timeline */ = {
			isa = PBXGroup;
			children = (
				C582E1BE2F7B6B2800C95473 /* YearlyTimelineView.swift */,
				C53E9E422F7F4E800022A698 /* MonthlyRecordView.swift */,
			);
			path = Timeline;
			sourceTree = "<group>";
		};
		C53E9E5E2F7F6B560022A698 /* Editor */ = {
			isa = PBXGroup;
			children = (
				C53E9E2E2F7E4D370022A698 /* BookEditorSheet.swift */,
				C53E9E302F7E5B2B0022A698 /* AddExcerptSheet.swift */,
			);
			path = Editor;
			sourceTree = "<group>";
		};
		C582E1742F7B655400C95473 = {
			isa = PBXGroup;
			children = (
				C5D3BE9C2F7FF95F00418802 /* Utils */,
				C53E9E462F7F5F5B0022A698 /* UIComponents */,
				C53E9E442F7F5EFB0022A698 /* Core */,
				C582E1D22F7B82A700C95473 /* Resources */,
				C582E1CD2F7B824000C95473 /* Extensions */,
				C53E9E4A2F7F60060022A698 /* Features */,
				C582E17F2F7B655400C95473 /* MyLibrary */,
				C582E18F2F7B655500C95473 /* MyLibraryTests */,
				C582E1992F7B655500C95473 /* MyLibraryUITests */,
				C582E17E2F7B655400C95473 /* Products */,
			);
			sourceTree = "<group>";
		};
		C582E17E2F7B655400C95473 /* Products */ = {
			isa = PBXGroup;
			children = (
				C582E17D2F7B655400C95473 /* MyLibrary.app */,
				C582E18C2F7B655500C95473 /* MyLibraryTests.xctest */,
				C582E1962F7B655500C95473 /* MyLibraryUITests.xctest */,
			);
			name = Products;
			sourceTree = "<group>";
		};
		C582E1AA2F7B65F700C95473 /* Models */ = {
			isa = PBXGroup;
			children = (
				C582E1AF2F7B668100C95473 /* Excerpt.swift */,
				C582E1AE2F7B665200C95473 /* Book.swift */,
				C53E9E402F7F4DEE0022A698 /* ReadingRecord.swift */,
			);
			path = Models;
			sourceTree = "<group>";
		};
		C582E1B72F7B67A900C95473 /* Archive */ = {
			isa = PBXGroup;
			children = (
				C582E1B82F7B67B600C95473 /* ArchiveGalleryView.swift */,
				C53E9DCE2F7D01770022A698 /* GalleryBookCardView.swift */,
			);
			path = Archive;
			sourceTree = "<group>";
		};
		C582E1B92F7B67CD00C95473 /* Detail */ = {
			isa = PBXGroup;
			children = (
				C582E1BD2F7B6AB400C95473 /* BookDossierView.swift */,
				C582E1BA2F7B67D800C95473 /* BookDetailView.swift */,
				C5DCF7732F7CCF0C00428041 /* BookExcerptsView.swift.swift */,
			);
			path = Detail;
			sourceTree = "<group>";
		};
		C582E1CD2F7B824000C95473 /* Extensions */ = {
			isa = PBXGroup;
			children = (
				C582E1F22F7BC6CC00C95473 /* Color+Extension.swift */,
			);
			path = Extensions;
			sourceTree = "<group>";
		};
		C582E1D22F7B82A700C95473 /* Resources */ = {
			isa = PBXGroup;
			children = (
				C582E1862F7B655500C95473 /* Assets.xcassets */,
			);
			path = Resources;
			sourceTree = "<group>";
		};
		C5D3BE9C2F7FF95F00418802 /* Utils */ = {
			isa = PBXGroup;
			children = (
				C5D3BE9D2F7FF98B00418802 /* AppleBooksDBUtils.swift */,
			);
			path = Utils;
			sourceTree = "<group>";
		};
/* End PBXGroup section */

/* Begin PBXNativeTarget section */
		C582E17C2F7B655400C95473 /* MyLibrary */ = {
			isa = PBXNativeTarget;
			buildConfigurationList = C582E1A02F7B655500C95473 /* Build configuration list for PBXNativeTarget "MyLibrary" */;
			buildPhases = (
				C582E1792F7B655400C95473 /* Sources */,
				C582E17A2F7B655400C95473 /* Frameworks */,
				C582E17B2F7B655400C95473 /* Resources */,
			);
			buildRules = (
			);
			dependencies = (
			);
			fileSystemSynchronizedGroups = (
				C582E17F2F7B655400C95473 /* MyLibrary */,
			);
			name = MyLibrary;
			packageProductDependencies = (
			);
			productName = MyLibrary;
			productReference = C582E17D2F7B655400C95473 /* MyLibrary.app */;
			productType = "com.apple.product-type.application";
		};
		C582E18B2F7B655500C95473 /* MyLibraryTests */ = {
			isa = PBXNativeTarget;
			buildConfigurationList = C582E1A32F7B655500C95473 /* Build configuration list for PBXNativeTarget "MyLibraryTests" */;
			buildPhases = (
				C582E1882F7B655500C95473 /* Sources */,
				C582E1892F7B655500C95473 /* Frameworks */,
				C582E18A2F7B655500C95473 /* Resources */,
			);
			buildRules = (
			);
			dependencies = (
				C582E18E2F7B655500C95473 /* PBXTargetDependency */,
			);
			fileSystemSynchronizedGroups = (
				C582E18F2F7B655500C95473 /* MyLibraryTests */,
			);
			name = MyLibraryTests;
			packageProductDependencies = (
			);
			productName = MyLibraryTests;
			productReference = C582E18C2F7B655500C95473 /* MyLibraryTests.xctest */;
			productType = "com.apple.product-type.bundle.unit-test";
		};
		C582E1952F7B655500C95473 /* MyLibraryUITests */ = {
			isa = PBXNativeTarget;
			buildConfigurationList = C582E1A62F7B655500C95473 /* Build configuration list for PBXNativeTarget "MyLibraryUITests" */;
			buildPhases = (
				C582E1922F7B655500C95473 /* Sources */,
				C582E1932F7B655500C95473 /* Frameworks */,
				C582E1942F7B655500C95473 /* Resources */,
			);
			buildRules = (
			);
			dependencies = (
				C582E1982F7B655500C95473 /* PBXTargetDependency */,
			);
			fileSystemSynchronizedGroups = (
				C582E1992F7B655500C95473 /* MyLibraryUITests */,
			);
			name = MyLibraryUITests;
			packageProductDependencies = (
			);
			productName = MyLibraryUITests;
			productReference = C582E1962F7B655500C95473 /* MyLibraryUITests.xctest */;
			productType = "com.apple.product-type.bundle.ui-testing";
		};
/* End PBXNativeTarget section */

/* Begin PBXProject section */
		C582E1752F7B655400C95473 /* Project object */ = {
			isa = PBXProject;
			attributes = {
				BuildIndependentTargetsInParallel = 1;
				LastSwiftUpdateCheck = 2630;
				LastUpgradeCheck = 2630;
				TargetAttributes = {
					C582E17C2F7B655400C95473 = {
						CreatedOnToolsVersion = 26.3;
					};
					C582E18B2F7B655500C95473 = {
						CreatedOnToolsVersion = 26.3;
						TestTargetID = C582E17C2F7B655400C95473;
					};
					C582E1952F7B655500C95473 = {
						CreatedOnToolsVersion = 26.3;
						TestTargetID = C582E17C2F7B655400C95473;
					};
				};
			};
			buildConfigurationList = C582E1782F7B655400C95473 /* Build configuration list for PBXProject "MyLibrary" */;
			developmentRegion = en;
			hasScannedForEncodings = 0;
			knownRegions = (
				en,
				Base,
			);
			mainGroup = C582E1742F7B655400C95473;
			minimizedProjectReferenceProxies = 1;
			preferredProjectObjectVersion = 77;
			productRefGroup = C582E17E2F7B655400C95473 /* Products */;
			projectDirPath = "";
			projectRoot = "";
			targets = (
				C582E17C2F7B655400C95473 /* MyLibrary */,
				C582E18B2F7B655500C95473 /* MyLibraryTests */,
				C582E1952F7B655500C95473 /* MyLibraryUITests */,
			);
		};
/* End PBXProject section */

/* Begin PBXResourcesBuildPhase section */
		C582E17B2F7B655400C95473 /* Resources */ = {
			isa = PBXResourcesBuildPhase;
			buildActionMask = 2147483647;
			files = (
				C582E1872F7B655500C95473 /* Assets.xcassets in Resources */,
			);
			runOnlyForDeploymentPostprocessing = 0;
		};
		C582E18A2F7B655500C95473 /* Resources */ = {
			isa = PBXResourcesBuildPhase;
			buildActionMask = 2147483647;
			files = (
			);
			runOnlyForDeploymentPostprocessing = 0;
		};
		C582E1942F7B655500C95473 /* Resources */ = {
			isa = PBXResourcesBuildPhase;
			buildActionMask = 2147483647;
			files = (
			);
			runOnlyForDeploymentPostprocessing = 0;
		};
/* End PBXResourcesBuildPhase section */

/* Begin PBXSourcesBuildPhase section */
		C582E1792F7B655400C95473 /* Sources */ = {
			isa = PBXSourcesBuildPhase;
			buildActionMask = 2147483647;
			files = (
				C582E1E42F7BBDFD00C95473 /* PreviewData.swift in Sources */,
				C53E9E622F7F6E030022A698 /* GlassMorphism.swift in Sources */,
				C53E9E432F7F4E800022A698 /* MonthlyRecordView.swift in Sources */,
				C582E1D72F7BA56400C95473 /* CurrentReadingWidget.swift in Sources */,
				C582E1D92F7BA57200C95473 /* DashboardWidget.swift in Sources */,
				C582E1CA2F7B6F3400C95473 /* BookDossierView.swift in Sources */,
				C582E1D52F7BA55800C95473 /* HeaderView.swift in Sources */,
				C5DCF7742F7CCF0C00428041 /* BookExcerptsView.swift.swift in Sources */,
				C53E9DCF2F7D01770022A698 /* GalleryBookCardView.swift in Sources */,
				C53E9E412F7F4DEE0022A698 /* ReadingRecord.swift in Sources */,
				C582E1BB2F7B690D00C95473 /* Book.swift in Sources */,
				C582E1DB2F7BA58000C95473 /* CarouselWidget.swift in Sources */,
				C53E9E662F7F7B0B0022A698 /* CurrentReadingComponents.swift in Sources */,
				C582E1C72F7B6F2300C95473 /* ArchiveGalleryView.swift in Sources */,
				C582E1BC2F7B692000C95473 /* Excerpt.swift in Sources */,
				C53E9E602F7F6BCA0022A698 /* TopNavigationBarView.swift in Sources */,
				C53E9E642F7F7AE70022A698 /* DashboardStatCards.swift in Sources */,
				C53E9E312F7E5B2B0022A698 /* AddExcerptSheet.swift in Sources */,
				C53E9E332F7E81C30022A698 /* AnimatedButtons.swift in Sources */,
				C582E1C92F7B6F2F00C95473 /* BookDetailView.swift in Sources */,
				C582E1C82F7B6F2900C95473 /* YearlyTimelineView.swift in Sources */,
				C582E1CC2F7B77F300C95473 /* LocalCoverView.swift in Sources */,
				C53E9E2F2F7E4D370022A698 /* BookEditorSheet.swift in Sources */,
				C5D3BE9E2F7FF98B00418802 /* AppleBooksDBUtils.swift in Sources */,
				C582E1F32F7BC6CC00C95473 /* Color+Extension.swift in Sources */,
			);
			runOnlyForDeploymentPostprocessing = 0;
		};
		C582E1882F7B655500C95473 /* Sources */ = {
			isa = PBXSourcesBuildPhase;
			buildActionMask = 2147483647;
			files = (
			);
			runOnlyForDeploymentPostprocessing = 0;
		};
		C582E1922F7B655500C95473 /* Sources */ = {
			isa = PBXSourcesBuildPhase;
			buildActionMask = 2147483647;
			files = (
			);
			runOnlyForDeploymentPostprocessing = 0;
		};
/* End PBXSourcesBuildPhase section */

/* Begin PBXTargetDependency section */
		C582E18E2F7B655500C95473 /* PBXTargetDependency */ = {
			isa = PBXTargetDependency;
			target = C582E17C2F7B655400C95473 /* MyLibrary */;
			targetProxy = C582E18D2F7B655500C95473 /* PBXContainerItemProxy */;
		};
		C582E1982F7B655500C95473 /* PBXTargetDependency */ = {
			isa = PBXTargetDependency;
			target = C582E17C2F7B655400C95473 /* MyLibrary */;
			targetProxy = C582E1972F7B655500C95473 /* PBXContainerItemProxy */;
		};
/* End PBXTargetDependency section */

/* Begin XCBuildConfiguration section */
		C582E19E2F7B655500C95473 /* Debug */ = {
			isa = XCBuildConfiguration;
			buildSettings = {
				ALWAYS_SEARCH_USER_PATHS = NO;
				ASSETCATALOG_COMPILER_GENERATE_SWIFT_ASSET_SYMBOL_EXTENSIONS = YES;
				CLANG_ANALYZER_NONNULL = YES;
				CLANG_ANALYZER_NUMBER_OBJECT_CONVERSION = YES_AGGRESSIVE;
				CLANG_CXX_LANGUAGE_STANDARD = "gnu++20";
				CLANG_ENABLE_MODULES = YES;
				CLANG_ENABLE_OBJC_ARC = YES;
				CLANG_ENABLE_OBJC_WEAK = YES;
				CLANG_WARN_BLOCK_CAPTURE_AUTORELEASING = YES;
				CLANG_WARN_BOOL_CONVERSION = YES;
				CLANG_WARN_COMMA = YES;
				CLANG_WARN_CONSTANT_CONVERSION = YES;
				CLANG_WARN_DEPRECATED_OBJC_IMPLEMENTATIONS = YES;
				CLANG_WARN_DIRECT_OBJC_ISA_USAGE = YES_ERROR;
				CLANG_WARN_DOCUMENTATION_COMMENTS = YES;
				CLANG_WARN_EMPTY_BODY = YES;
				CLANG_WARN_ENUM_CONVERSION = YES;
				CLANG_WARN_INFINITE_RECURSION = YES;
				CLANG_WARN_INT_CONVERSION = YES;
				CLANG_WARN_NON_LITERAL_NULL_CONVERSION = YES;
				CLANG_WARN_OBJC_IMPLICIT_RETAIN_SELF = YES;
				CLANG_WARN_OBJC_LITERAL_CONVERSION = YES;
				CLANG_WARN_OBJC_ROOT_CLASS = YES_ERROR;
				CLANG_WARN_QUOTED_INCLUDE_IN_FRAMEWORK_HEADER = YES;
				CLANG_WARN_RANGE_LOOP_ANALYSIS = YES;
				CLANG_WARN_STRICT_PROTOTYPES = YES;
				CLANG_WARN_SUSPICIOUS_MOVE = YES;
				CLANG_WARN_UNGUARDED_AVAILABILITY = YES_AGGRESSIVE;
				CLANG_WARN_UNREACHABLE_CODE = YES;
				CLANG_WARN__DUPLICATE_METHOD_MATCH = YES;
				COPY_PHASE_STRIP = NO;
				DEBUG_INFORMATION_FORMAT = dwarf;
				ENABLE_STRICT_OBJC_MSGSEND = YES;
				ENABLE_TESTABILITY = YES;
				ENABLE_USER_SCRIPT_SANDBOXING = YES;
				GCC_C_LANGUAGE_STANDARD = gnu17;
				GCC_DYNAMIC_NO_PIC = NO;
				GCC_NO_COMMON_BLOCKS = YES;
				GCC_OPTIMIZATION_LEVEL = 0;
				GCC_PREPROCESSOR_DEFINITIONS = (
					"DEBUG=1",
					"$(inherited)",
				);
				GCC_WARN_64_TO_32_BIT_CONVERSION = YES;
				GCC_WARN_ABOUT_RETURN_TYPE = YES_ERROR;
				GCC_WARN_UNDECLARED_SELECTOR = YES;
				GCC_WARN_UNINITIALIZED_AUTOS = YES_AGGRESSIVE;
				GCC_WARN_UNUSED_FUNCTION = YES;
				GCC_WARN_UNUSED_VARIABLE = YES;
				LOCALIZATION_PREFERS_STRING_CATALOGS = YES;
				MTL_ENABLE_DEBUG_INFO = INCLUDE_SOURCE;
				MTL_FAST_MATH = YES;
				ONLY_ACTIVE_ARCH = YES;
				SWIFT_ACTIVE_COMPILATION_CONDITIONS = "DEBUG $(inherited)";
				SWIFT_OPTIMIZATION_LEVEL = "-Onone";
			};
			name = Debug;
		};
		C582E19F2F7B655500C95473 /* Release */ = {
			isa = XCBuildConfiguration;
			buildSettings = {
				ALWAYS_SEARCH_USER_PATHS = NO;
				ASSETCATALOG_COMPILER_GENERATE_SWIFT_ASSET_SYMBOL_EXTENSIONS = YES;
				CLANG_ANALYZER_NONNULL = YES;
				CLANG_ANALYZER_NUMBER_OBJECT_CONVERSION = YES_AGGRESSIVE;
				CLANG_CXX_LANGUAGE_STANDARD = "gnu++20";
				CLANG_ENABLE_MODULES = YES;
				CLANG_ENABLE_OBJC_ARC = YES;
				CLANG_ENABLE_OBJC_WEAK = YES;
				CLANG_WARN_BLOCK_CAPTURE_AUTORELEASING = YES;
				CLANG_WARN_BOOL_CONVERSION = YES;
				CLANG_WARN_COMMA = YES;
				CLANG_WARN_CONSTANT_CONVERSION = YES;
				CLANG_WARN_DEPRECATED_OBJC_IMPLEMENTATIONS = YES;
				CLANG_WARN_DIRECT_OBJC_ISA_USAGE = YES_ERROR;
				CLANG_WARN_DOCUMENTATION_COMMENTS = YES;
				CLANG_WARN_EMPTY_BODY = YES;
				CLANG_WARN_ENUM_CONVERSION = YES;
				CLANG_WARN_INFINITE_RECURSION = YES;
				CLANG_WARN_INT_CONVERSION = YES;
				CLANG_WARN_NON_LITERAL_NULL_CONVERSION = YES;
				CLANG_WARN_OBJC_IMPLICIT_RETAIN_SELF = YES;
				CLANG_WARN_OBJC_LITERAL_CONVERSION = YES;
				CLANG_WARN_OBJC_ROOT_CLASS = YES_ERROR;
				CLANG_WARN_QUOTED_INCLUDE_IN_FRAMEWORK_HEADER = YES;
				CLANG_WARN_RANGE_LOOP_ANALYSIS = YES;
				CLANG_WARN_STRICT_PROTOTYPES = YES;
				CLANG_WARN_SUSPICIOUS_MOVE = YES;
				CLANG_WARN_UNGUARDED_AVAILABILITY = YES_AGGRESSIVE;
				CLANG_WARN_UNREACHABLE_CODE = YES;
				CLANG_WARN__DUPLICATE_METHOD_MATCH = YES;
				COPY_PHASE_STRIP = NO;
				DEBUG_INFORMATION_FORMAT = "dwarf-with-dsym";
				ENABLE_NS_ASSERTIONS = NO;
				ENABLE_STRICT_OBJC_MSGSEND = YES;
				ENABLE_USER_SCRIPT_SANDBOXING = YES;
				GCC_C_LANGUAGE_STANDARD = gnu17;
				GCC_NO_COMMON_BLOCKS = YES;
				GCC_WARN_64_TO_32_BIT_CONVERSION = YES;
				GCC_WARN_ABOUT_RETURN_TYPE = YES_ERROR;
				GCC_WARN_UNDECLARED_SELECTOR = YES;
				GCC_WARN_UNINITIALIZED_AUTOS = YES_AGGRESSIVE;
				GCC_WARN_UNUSED_FUNCTION = YES;
				GCC_WARN_UNUSED_VARIABLE = YES;
				LOCALIZATION_PREFERS_STRING_CATALOGS = YES;
				MTL_ENABLE_DEBUG_INFO = NO;
				MTL_FAST_MATH = YES;
				SWIFT_COMPILATION_MODE = wholemodule;
			};
			name = Release;
		};
		C582E1A12F7B655500C95473 /* Debug */ = {
			isa = XCBuildConfiguration;
			buildSettings = {
				ASSETCATALOG_COMPILER_APPICON_NAME = AppIcon;
				ASSETCATALOG_COMPILER_GLOBAL_ACCENT_COLOR_NAME = AccentColor;
				CODE_SIGN_ENTITLEMENTS = "";
				CODE_SIGN_STYLE = Manual;
				CURRENT_PROJECT_VERSION = 1;
				DEVELOPMENT_TEAM = "";
				ENABLE_APP_SANDBOX = NO;
				ENABLE_PREVIEWS = YES;
				GENERATE_INFOPLIST_FILE = YES;
				INFOPLIST_KEY_CFBundleDisplayName = "拾光书阁";
				"INFOPLIST_KEY_UIApplicationSceneManifest_Generation[sdk=iphoneos*]" = YES;
				"INFOPLIST_KEY_UIApplicationSceneManifest_Generation[sdk=iphonesimulator*]" = YES;
				"INFOPLIST_KEY_UIApplicationSupportsIndirectInputEvents[sdk=iphoneos*]" = YES;
				"INFOPLIST_KEY_UIApplicationSupportsIndirectInputEvents[sdk=iphonesimulator*]" = YES;
				"INFOPLIST_KEY_UILaunchScreen_Generation[sdk=iphoneos*]" = YES;
				"INFOPLIST_KEY_UILaunchScreen_Generation[sdk=iphonesimulator*]" = YES;
				"INFOPLIST_KEY_UIStatusBarStyle[sdk=iphoneos*]" = UIStatusBarStyleDefault;
				"INFOPLIST_KEY_UIStatusBarStyle[sdk=iphonesimulator*]" = UIStatusBarStyleDefault;
				INFOPLIST_KEY_UISupportedInterfaceOrientations_iPad = "UIInterfaceOrientationPortrait UIInterfaceOrientationPortraitUpsideDown UIInterfaceOrientationLandscapeLeft UIInterfaceOrientationLandscapeRight";
				INFOPLIST_KEY_UISupportedInterfaceOrientations_iPhone = "UIInterfaceOrientationPortrait UIInterfaceOrientationLandscapeLeft UIInterfaceOrientationLandscapeRight";
				IPHONEOS_DEPLOYMENT_TARGET = 26.2;
				LD_RUNPATH_SEARCH_PATHS = "@executable_path/Frameworks";
				"LD_RUNPATH_SEARCH_PATHS[sdk=macosx*]" = "@executable_path/../Frameworks";
				MACOSX_DEPLOYMENT_TARGET = 26.2;
				MARKETING_VERSION = 1.0;
				PRODUCT_BUNDLE_IDENTIFIER = akram.MyLibrary;
				PRODUCT_NAME = "$(TARGET_NAME)";
				PROVISIONING_PROFILE_SPECIFIER = "";
				REGISTER_APP_GROUPS = YES;
				SDKROOT = auto;
				STRING_CATALOG_GENERATE_SYMBOLS = YES;
				SUPPORTED_PLATFORMS = "iphoneos iphonesimulator macosx xros xrsimulator";
				SWIFT_APPROACHABLE_CONCURRENCY = YES;
				SWIFT_DEFAULT_ACTOR_ISOLATION = MainActor;
				SWIFT_EMIT_LOC_STRINGS = YES;
				SWIFT_UPCOMING_FEATURE_MEMBER_IMPORT_VISIBILITY = YES;
				SWIFT_VERSION = 5.0;
				TARGETED_DEVICE_FAMILY = "1,2,7";
				XROS_DEPLOYMENT_TARGET = 26.2;
			};
			name = Debug;
		};
		C582E1A22F7B655500C95473 /* Release */ = {
			isa = XCBuildConfiguration;
			buildSettings = {
				ASSETCATALOG_COMPILER_APPICON_NAME = AppIcon;
				ASSETCATALOG_COMPILER_GLOBAL_ACCENT_COLOR_NAME = AccentColor;
				CODE_SIGN_ENTITLEMENTS = "";
				CODE_SIGN_STYLE = Manual;
				CURRENT_PROJECT_VERSION = 1;
				DEVELOPMENT_TEAM = "";
				ENABLE_APP_SANDBOX = NO;
				ENABLE_PREVIEWS = YES;
				GENERATE_INFOPLIST_FILE = YES;
				INFOPLIST_KEY_CFBundleDisplayName = "拾光书阁";
				"INFOPLIST_KEY_UIApplicationSceneManifest_Generation[sdk=iphoneos*]" = YES;
				"INFOPLIST_KEY_UIApplicationSceneManifest_Generation[sdk=iphonesimulator*]" = YES;
				"INFOPLIST_KEY_UIApplicationSupportsIndirectInputEvents[sdk=iphoneos*]" = YES;
				"INFOPLIST_KEY_UIApplicationSupportsIndirectInputEvents[sdk=iphonesimulator*]" = YES;
				"INFOPLIST_KEY_UILaunchScreen_Generation[sdk=iphoneos*]" = YES;
				"INFOPLIST_KEY_UILaunchScreen_Generation[sdk=iphonesimulator*]" = YES;
				"INFOPLIST_KEY_UIStatusBarStyle[sdk=iphoneos*]" = UIStatusBarStyleDefault;
				"INFOPLIST_KEY_UIStatusBarStyle[sdk=iphonesimulator*]" = UIStatusBarStyleDefault;
				INFOPLIST_KEY_UISupportedInterfaceOrientations_iPad = "UIInterfaceOrientationPortrait UIInterfaceOrientationPortraitUpsideDown UIInterfaceOrientationLandscapeLeft UIInterfaceOrientationLandscapeRight";
				INFOPLIST_KEY_UISupportedInterfaceOrientations_iPhone = "UIInterfaceOrientationPortrait UIInterfaceOrientationLandscapeLeft UIInterfaceOrientationLandscapeRight";
				IPHONEOS_DEPLOYMENT_TARGET = 26.2;
				LD_RUNPATH_SEARCH_PATHS = "@executable_path/Frameworks";
				"LD_RUNPATH_SEARCH_PATHS[sdk=macosx*]" = "@executable_path/../Frameworks";
				MACOSX_DEPLOYMENT_TARGET = 26.2;
				MARKETING_VERSION = 1.0;
				PRODUCT_BUNDLE_IDENTIFIER = akram.MyLibrary;
				PRODUCT_NAME = "$(TARGET_NAME)";
				PROVISIONING_PROFILE_SPECIFIER = "";
				REGISTER_APP_GROUPS = YES;
				SDKROOT = auto;
				STRING_CATALOG_GENERATE_SYMBOLS = YES;
				SUPPORTED_PLATFORMS = "iphoneos iphonesimulator macosx xros xrsimulator";
				SWIFT_APPROACHABLE_CONCURRENCY = YES;
				SWIFT_DEFAULT_ACTOR_ISOLATION = MainActor;
				SWIFT_EMIT_LOC_STRINGS = YES;
				SWIFT_UPCOMING_FEATURE_MEMBER_IMPORT_VISIBILITY = YES;
				SWIFT_VERSION = 5.0;
				TARGETED_DEVICE_FAMILY = "1,2,7";
				XROS_DEPLOYMENT_TARGET = 26.2;
			};
			name = Release;
		};
		C582E1A42F7B655500C95473 /* Debug */ = {
			isa = XCBuildConfiguration;
			buildSettings = {
				BUNDLE_LOADER = "$(TEST_HOST)";
				CODE_SIGN_STYLE = Automatic;
				CURRENT_PROJECT_VERSION = 1;
				GENERATE_INFOPLIST_FILE = YES;
				IPHONEOS_DEPLOYMENT_TARGET = 26.2;
				MACOSX_DEPLOYMENT_TARGET = 26.2;
				MARKETING_VERSION = 1.0;
				PRODUCT_BUNDLE_IDENTIFIER = akram.MyLibraryTests;
				PRODUCT_NAME = "$(TARGET_NAME)";
				SDKROOT = auto;
				STRING_CATALOG_GENERATE_SYMBOLS = NO;
				SUPPORTED_PLATFORMS = "iphoneos iphonesimulator macosx xros xrsimulator";
				SWIFT_APPROACHABLE_CONCURRENCY = YES;
				SWIFT_EMIT_LOC_STRINGS = NO;
				SWIFT_UPCOMING_FEATURE_MEMBER_IMPORT_VISIBILITY = YES;
				SWIFT_VERSION = 5.0;
				TARGETED_DEVICE_FAMILY = "1,2,7";
				TEST_HOST = "$(BUILT_PRODUCTS_DIR)/MyLibrary.app/$(BUNDLE_EXECUTABLE_FOLDER_PATH)/MyLibrary";
				XROS_DEPLOYMENT_TARGET = 26.2;
			};
			name = Debug;
		};
		C582E1A52F7B655500C95473 /* Release */ = {
			isa = XCBuildConfiguration;
			buildSettings = {
				BUNDLE_LOADER = "$(TEST_HOST)";
				CODE_SIGN_STYLE = Automatic;
				CURRENT_PROJECT_VERSION = 1;
				GENERATE_INFOPLIST_FILE = YES;
				IPHONEOS_DEPLOYMENT_TARGET = 26.2;
				MACOSX_DEPLOYMENT_TARGET = 26.2;
				MARKETING_VERSION = 1.0;
				PRODUCT_BUNDLE_IDENTIFIER = akram.MyLibraryTests;
				PRODUCT_NAME = "$(TARGET_NAME)";
				SDKROOT = auto;
				STRING_CATALOG_GENERATE_SYMBOLS = NO;
				SUPPORTED_PLATFORMS = "iphoneos iphonesimulator macosx xros xrsimulator";
				SWIFT_APPROACHABLE_CONCURRENCY = YES;
				SWIFT_EMIT_LOC_STRINGS = NO;
				SWIFT_UPCOMING_FEATURE_MEMBER_IMPORT_VISIBILITY = YES;
				SWIFT_VERSION = 5.0;
				TARGETED_DEVICE_FAMILY = "1,2,7";
				TEST_HOST = "$(BUILT_PRODUCTS_DIR)/MyLibrary.app/$(BUNDLE_EXECUTABLE_FOLDER_PATH)/MyLibrary";
				XROS_DEPLOYMENT_TARGET = 26.2;
			};
			name = Release;
		};
		C582E1A72F7B655500C95473 /* Debug */ = {
			isa = XCBuildConfiguration;
			buildSettings = {
				CODE_SIGN_STYLE = Automatic;
				CURRENT_PROJECT_VERSION = 1;
				GENERATE_INFOPLIST_FILE = YES;
				IPHONEOS_DEPLOYMENT_TARGET = 26.2;
				MACOSX_DEPLOYMENT_TARGET = 26.2;
				MARKETING_VERSION = 1.0;
				PRODUCT_BUNDLE_IDENTIFIER = akram.MyLibraryUITests;
				PRODUCT_NAME = "$(TARGET_NAME)";
				SDKROOT = auto;
				STRING_CATALOG_GENERATE_SYMBOLS = NO;
				SUPPORTED_PLATFORMS = "iphoneos iphonesimulator macosx xros xrsimulator";
				SWIFT_APPROACHABLE_CONCURRENCY = YES;
				SWIFT_EMIT_LOC_STRINGS = NO;
				SWIFT_UPCOMING_FEATURE_MEMBER_IMPORT_VISIBILITY = YES;
				SWIFT_VERSION = 5.0;
				TARGETED_DEVICE_FAMILY = "1,2,7";
				TEST_TARGET_NAME = MyLibrary;
				XROS_DEPLOYMENT_TARGET = 26.2;
			};
			name = Debug;
		};
		C582E1A82F7B655500C95473 /* Release */ = {
			isa = XCBuildConfiguration;
			buildSettings = {
				CODE_SIGN_STYLE = Automatic;
				CURRENT_PROJECT_VERSION = 1;
				GENERATE_INFOPLIST_FILE = YES;
				IPHONEOS_DEPLOYMENT_TARGET = 26.2;
				MACOSX_DEPLOYMENT_TARGET = 26.2;
				MARKETING_VERSION = 1.0;
				PRODUCT_BUNDLE_IDENTIFIER = akram.MyLibraryUITests;
				PRODUCT_NAME = "$(TARGET_NAME)";
				SDKROOT = auto;
				STRING_CATALOG_GENERATE_SYMBOLS = NO;
				SUPPORTED_PLATFORMS = "iphoneos iphonesimulator macosx xros xrsimulator";
				SWIFT_APPROACHABLE_CONCURRENCY = YES;
				SWIFT_EMIT_LOC_STRINGS = NO;
				SWIFT_UPCOMING_FEATURE_MEMBER_IMPORT_VISIBILITY = YES;
				SWIFT_VERSION = 5.0;
				TARGETED_DEVICE_FAMILY = "1,2,7";
				TEST_TARGET_NAME = MyLibrary;
				XROS_DEPLOYMENT_TARGET = 26.2;
			};
			name = Release;
		};
/* End XCBuildConfiguration section */

/* Begin XCConfigurationList section */
		C582E1782F7B655400C95473 /* Build configuration list for PBXProject "MyLibrary" */ = {
			isa = XCConfigurationList;
			buildConfigurations = (
				C582E19E2F7B655500C95473 /* Debug */,
				C582E19F2F7B655500C95473 /* Release */,
			);
			defaultConfigurationIsVisible = 0;
			defaultConfigurationName = Release;
		};
		C582E1A02F7B655500C95473 /* Build configuration list for PBXNativeTarget "MyLibrary" */ = {
			isa = XCConfigurationList;
			buildConfigurations = (
				C582E1A12F7B655500C95473 /* Debug */,
				C582E1A22F7B655500C95473 /* Release */,
			);
			defaultConfigurationIsVisible = 0;
			defaultConfigurationName = Release;
		};
		C582E1A32F7B655500C95473 /* Build configuration list for PBXNativeTarget "MyLibraryTests" */ = {
			isa = XCConfigurationList;
			buildConfigurations = (
				C582E1A42F7B655500C95473 /* Debug */,
				C582E1A52F7B655500C95473 /* Release */,
			);
			defaultConfigurationIsVisible = 0;
			defaultConfigurationName = Release;
		};
		C582E1A62F7B655500C95473 /* Build configuration list for PBXNativeTarget "MyLibraryUITests" */ = {
			isa = XCConfigurationList;
			buildConfigurations = (
				C582E1A72F7B655500C95473 /* Debug */,
				C582E1A82F7B655500C95473 /* Release */,
			);
			defaultConfigurationIsVisible = 0;
			defaultConfigurationName = Release;
		};
/* End XCConfigurationList section */
	};
	rootObject = C582E1752F7B655400C95473 /* Project object */;
}
